// !$*UTF8*$!
{
	archiveVersion = 1;
	classes = {
	};
	objectVersion = 42;
	objects = {

/* Begin PBXBuildFile section */
		002F39FA09D0881F10EBEB88 /* SDL_image.framework in Frameworks */ = {isa = PBXBuildFile; fileRef = 002F39F909D0881F10EBEB88 /* SDL_image.framework */; };
		002F3A2E09D0888800EBEB88 /* SDLMain.m in Sources */ = {isa = PBXBuildFile; fileRef = 002F3A2C09D0888800EBEB88 /* SDLMain.m */; };
		002F3A3F09D088BA00EBEB88 /* main.c in Sources */ = {isa = PBXBuildFile; fileRef = 002F3A3E09D088BA00EBEB88 /* main.c */; };
		40D82CA110ECAF13005D27B5 /* miscfileformats.c in Sources */ = {isa = PBXBuildFile; fileRef = 40D82CA010ECAF13005D27B5 /* miscfileformats.c */; };
		40D82CA610ECAF58005D27B5 /* brush_ops.c in Sources */ = {isa = PBXBuildFile; fileRef = 40D82CA510ECAF58005D27B5 /* brush_ops.c */; };
		40D82CAA10ECAFC5005D27B5 /* buttons_effects.c in Sources */ = {isa = PBXBuildFile; fileRef = 40D82CA910ECAFC5005D27B5 /* buttons_effects.c */; };
		40D82CAE10ECAFDC005D27B5 /* layers.c in Sources */ = {isa = PBXBuildFile; fileRef = 40D82CAD10ECAFDC005D27B5 /* layers.c */; };
		40D82CB210ECB02B005D27B5 /* fileformats.c in Sources */ = {isa = PBXBuildFile; fileRef = 40D82CB110ECB02B005D27B5 /* fileformats.c */; };
		40D82CBF10ECB089005D27B5 /* libraw2crtc.c in Sources */ = {isa = PBXBuildFile; fileRef = 40D82CBE10ECB089005D27B5 /* libraw2crtc.c */; };
		40D82D3A10ECC4CA005D27B5 /* SDL.framework in Frameworks */ = {isa = PBXBuildFile; fileRef = 002F39F909D0881F00EBEB88 /* SDL.framework */; };
		40D82D4310ECC536005D27B5 /* Info.plist in Resources */ = {isa = PBXBuildFile; fileRef = 40D82D4110ECC536005D27B5 /* Info.plist */; };
		40D82D4410ECC536005D27B5 /* SDLMain.nib in Resources */ = {isa = PBXBuildFile; fileRef = 40D82D4210ECC536005D27B5 /* SDLMain.nib */; };
		40D82D5010ECC609005D27B5 /* Info.plist in Resources */ = {isa = PBXBuildFile; fileRef = 40D82D4E10ECC609005D27B5 /* Info.plist */; };
		40D82D5110ECC609005D27B5 /* SDLMain.nib in Resources */ = {isa = PBXBuildFile; fileRef = 40D82D4F10ECC609005D27B5 /* SDLMain.nib */; };
		40D82D5710ECC67A005D27B5 /* Info.plist in Resources */ = {isa = PBXBuildFile; fileRef = 40D82D5510ECC67A005D27B5 /* Info.plist */; };
		40D82D5810ECC67A005D27B5 /* SDLMain.nib in Resources */ = {isa = PBXBuildFile; fileRef = 40D82D5610ECC67A005D27B5 /* SDLMain.nib */; };
		8D11072F0486CEB800E47090 /* Cocoa.framework in Frameworks */ = {isa = PBXBuildFile; fileRef = 1058C7A1FEA54F0111CA2CBB /* Cocoa.framework */; };
		F5142653101F6CC5006CF3C4 /* font_Classic.png in Copy skins */ = {isa = PBXBuildFile; fileRef = F514264D101F6CB8006CF3C4 /* font_Classic.png */; };
		F5142654101F6CC5006CF3C4 /* font_Fairlight.png in Copy skins */ = {isa = PBXBuildFile; fileRef = F514264E101F6CB8006CF3C4 /* font_Fairlight.png */; };
		F5142655101F6CC5006CF3C4 /* font_Fun.png in Copy skins */ = {isa = PBXBuildFile; fileRef = F514264F101F6CB9006CF3C4 /* font_Fun.png */; };
		F5142656101F6CC5006CF3C4 /* font_Melon.png in Copy skins */ = {isa = PBXBuildFile; fileRef = F5142650101F6CB9006CF3C4 /* font_Melon.png */; };
		F5142657101F6CC5006CF3C4 /* skin_classic.png in Copy skins */ = {isa = PBXBuildFile; fileRef = F5142651101F6CB9006CF3C4 /* skin_classic.png */; };
		F5142658101F6CC5006CF3C4 /* skin_modern.png in Copy skins */ = {isa = PBXBuildFile; fileRef = F5142652101F6CB9006CF3C4 /* skin_modern.png */; };
		F51CBD2E0EC8A3E1005C06AC /* 5pxtinyfont.png in Copy fonts */ = {isa = PBXBuildFile; fileRef = F51CBD2B0EC8A3E1005C06AC /* 5pxtinyfont.png */; };
		F51CBD2F0EC8A3E1005C06AC /* colorfont.pcx in Copy fonts */ = {isa = PBXBuildFile; fileRef = F51CBD2C0EC8A3E1005C06AC /* colorfont.pcx */; };
		F51CBD300EC8A3E1005C06AC /* Tuffy.ttf in Copy fonts */ = {isa = PBXBuildFile; fileRef = F51CBD2D0EC8A3E1005C06AC /* Tuffy.ttf */; };
		F539315E0FE171C3003CB103 /* pversion.c in Sources */ = {isa = PBXBuildFile; fileRef = F539315D0FE171C3003CB103 /* pversion.c */; };
		F5A33E6A0EC893F800F8052D /* 8pxfont.png in Copy fonts */ = {isa = PBXBuildFile; fileRef = F5A33E690EC893F800F8052D /* 8pxfont.png */; };
		F5AA405F0FBC406D00B7577C /* pxquad.c in Sources */ = {isa = PBXBuildFile; fileRef = F5AA405A0FBC406D00B7577C /* pxquad.c */; };
		F5AA40600FBC406D00B7577C /* pxtall2.c in Sources */ = {isa = PBXBuildFile; fileRef = F5AA405B0FBC406D00B7577C /* pxtall2.c */; };
		F5AA40610FBC406D00B7577C /* pxtriple.c in Sources */ = {isa = PBXBuildFile; fileRef = F5AA405C0FBC406D00B7577C /* pxtriple.c */; };
		F5AA40620FBC406D00B7577C /* pxwide2.c in Sources */ = {isa = PBXBuildFile; fileRef = F5AA405D0FBC406D00B7577C /* pxwide2.c */; };
		F5AA40630FBC406D00B7577C /* transform.c in Sources */ = {isa = PBXBuildFile; fileRef = F5AA405E0FBC406D00B7577C /* transform.c */; };
		F5AC28BC0F4873C700455509 /* hotkeys.c in Sources */ = {isa = PBXBuildFile; fileRef = F5AC28B90F4873C700455509 /* hotkeys.c */; };
		F5AC28BD0F4873C700455509 /* input.c in Sources */ = {isa = PBXBuildFile; fileRef = F5AC28BA0F4873C700455509 /* input.c */; };
		F5AC28BE0F4873C700455509 /* realpath.c in Sources */ = {isa = PBXBuildFile; fileRef = F5AC28BB0F4873C700455509 /* realpath.c */; };
		F5AD4B1F0EA8CCF0009CCAC4 /* version.c in Sources */ = {isa = PBXBuildFile; fileRef = F5AD4B1E0EA8CCF0009CCAC4 /* version.c */; };
		F5AE6F990EDA119D000CE0EF /* GrafX2_Classic.gif in Copy fonts */ = {isa = PBXBuildFile; fileRef = F5AE6F980EDA119D000CE0EF /* GrafX2_Classic.gif */; };
		F5AE83FD0ECF8FD300200704 /* ApplicationServices.framework in Frameworks */ = {isa = PBXBuildFile; fileRef = F5AE83FC0ECF8FD300200704 /* ApplicationServices.framework */; };
		F5AED03E0F1989E00090A93F /* mountlist.c in Sources */ = {isa = PBXBuildFile; fileRef = F5AED03C0F1989E00090A93F /* mountlist.c */; };
		F5AFA00D0EFAC7D300663B43 /* brush.c in Sources */ = {isa = PBXBuildFile; fileRef = F5AFA0070EFAC7D300663B43 /* brush.c */; };
		F5AFA00E0EFAC7D300663B43 /* pxsimple.c in Sources */ = {isa = PBXBuildFile; fileRef = F5AFA0080EFAC7D300663B43 /* pxsimple.c */; };
		F5AFA00F0EFAC7D300663B43 /* pxtall.c in Sources */ = {isa = PBXBuildFile; fileRef = F5AFA0090EFAC7D300663B43 /* pxtall.c */; };
		F5AFA0100EFAC7D300663B43 /* pxwide.c in Sources */ = {isa = PBXBuildFile; fileRef = F5AFA00A0EFAC7D300663B43 /* pxwide.c */; };
		F5AFA0110EFAC7D300663B43 /* setup.c in Sources */ = {isa = PBXBuildFile; fileRef = F5AFA00B0EFAC7D300663B43 /* setup.c */; };
		F5AFA0120EFAC7D300663B43 /* windows.c in Sources */ = {isa = PBXBuildFile; fileRef = F5AFA00C0EFAC7D300663B43 /* windows.c */; };
		F5B138C30EB71D28000B83CC /* SDL_ttf in Frameworks */ = {isa = PBXBuildFile; fileRef = F5B138C20EB71D28000B83CC /* SDL_ttf */; };
		F5B19B930EA4BE3E003F4BA4 /* graph.c in Sources */ = {isa = PBXBuildFile; fileRef = F5B19B7B0EA4BE3E003F4BA4 /* graph.c */; };
		F5B19B940EA4BE3E003F4BA4 /* init.c in Sources */ = {isa = PBXBuildFile; fileRef = F5B19B7C0EA4BE3E003F4BA4 /* init.c */; };
		F5B19B950EA4BE3E003F4BA4 /* io.c in Sources */ = {isa = PBXBuildFile; fileRef = F5B19B7D0EA4BE3E003F4BA4 /* io.c */; };
		F5B19B970EA4BE3E003F4BA4 /* loadsave.c in Sources */ = {isa = PBXBuildFile; fileRef = F5B19B7F0EA4BE3E003F4BA4 /* loadsave.c */; };
		F5B19B9A0EA4BE3E003F4BA4 /* op_c.c in Sources */ = {isa = PBXBuildFile; fileRef = F5B19B820EA4BE3E003F4BA4 /* op_c.c */; };
		F5B19B9B0EA4BE3E003F4BA4 /* operatio.c in Sources */ = {isa = PBXBuildFile; fileRef = F5B19B830EA4BE3E003F4BA4 /* operatio.c */; };
		F5B19B9C0EA4BE3E003F4BA4 /* pages.c in Sources */ = {isa = PBXBuildFile; fileRef = F5B19B840EA4BE3E003F4BA4 /* pages.c */; };
		F5B19B9D0EA4BE3E003F4BA4 /* palette.c in Sources */ = {isa = PBXBuildFile; fileRef = F5B19B850EA4BE3E003F4BA4 /* palette.c */; };
		F5B19B9E0EA4BE3E003F4BA4 /* readini.c in Sources */ = {isa = PBXBuildFile; fileRef = F5B19B860EA4BE3E003F4BA4 /* readini.c */; };
		F5B19B9F0EA4BE3E003F4BA4 /* readline.c in Sources */ = {isa = PBXBuildFile; fileRef = F5B19B870EA4BE3E003F4BA4 /* readline.c */; };
		F5B19BA00EA4BE3E003F4BA4 /* saveini.c in Sources */ = {isa = PBXBuildFile; fileRef = F5B19B880EA4BE3E003F4BA4 /* saveini.c */; };
		F5B19BA10EA4BE3E003F4BA4 /* sdlscreen.c in Sources */ = {isa = PBXBuildFile; fileRef = F5B19B890EA4BE3E003F4BA4 /* sdlscreen.c */; };
		F5B19BA20EA4BE3E003F4BA4 /* SFont.c in Sources */ = {isa = PBXBuildFile; fileRef = F5B19B8A0EA4BE3E003F4BA4 /* SFont.c */; };
		F5B19BA30EA4BE3E003F4BA4 /* shade.c in Sources */ = {isa = PBXBuildFile; fileRef = F5B19B8B0EA4BE3E003F4BA4 /* shade.c */; };
		F5B19BA40EA4BE3E003F4BA4 /* special.c in Sources */ = {isa = PBXBuildFile; fileRef = F5B19B8C0EA4BE3E003F4BA4 /* special.c */; };
		F5B19C1D0EA4D71C003F4BA4 /* CoreFoundation.framework in Frameworks */ = {isa = PBXBuildFile; fileRef = F5B19C1C0EA4D71C003F4BA4 /* CoreFoundation.framework */; };
		F5B19C3D0EA4DC91003F4BA4 /* InfoPlist.strings in Resources */ = {isa = PBXBuildFile; fileRef = F5B19C3B0EA4DC91003F4BA4 /* InfoPlist.strings */; };
		F5B1EE850EAD0F4E00B087B5 /* gfx2def.ini in Resources */ = {isa = PBXBuildFile; fileRef = F5B1EE840EAD0F4E00B087B5 /* gfx2def.ini */; };
		F5B310B40F949A9C008197E2 /* buttons.c in Sources */ = {isa = PBXBuildFile; fileRef = F5B310AD0F949A9C008197E2 /* buttons.c */; };
		F5B310B50F949A9C008197E2 /* engine.c in Sources */ = {isa = PBXBuildFile; fileRef = F5B310AE0F949A9C008197E2 /* engine.c */; };
		F5B310B60F949A9C008197E2 /* filesel.c in Sources */ = {isa = PBXBuildFile; fileRef = F5B310AF0F949A9C008197E2 /* filesel.c */; };
		F5B310B70F949A9C008197E2 /* help.c in Sources */ = {isa = PBXBuildFile; fileRef = F5B310B00F949A9C008197E2 /* help.c */; };
		F5B310B80F949A9C008197E2 /* keyboard.c in Sources */ = {isa = PBXBuildFile; fileRef = F5B310B10F949A9C008197E2 /* keyboard.c */; };
		F5B310B90F949A9C008197E2 /* misc.c in Sources */ = {isa = PBXBuildFile; fileRef = F5B310B20F949A9C008197E2 /* misc.c */; };
		F5B310BA0F949A9C008197E2 /* text.c in Sources */ = {isa = PBXBuildFile; fileRef = F5B310B30F949A9C008197E2 /* text.c */; };
		F5CDCE320F6EA6D600B31F63 /* pxdouble.c in Sources */ = {isa = PBXBuildFile; fileRef = F5CDCE310F6EA6D600B31F63 /* pxdouble.c */; };
		F5DCE2BC0EA5116A0065B0EF /* SDL_ttf in Copy Frameworks into .app bundle */ = {isa = PBXBuildFile; fileRef = F5DCE2BE0EA5118F0065B0EF /* SDL_ttf */; };
		F5DCE2BC0EA5116B0065B0EF /* SDL_image in Copy Frameworks into .app bundle */ = {isa = PBXBuildFile; fileRef = F5DCE2BB0EA5116B0065B0EF /* SDL_image */; };
		F5DCE2BE0EA5118E0065B0EF /* SDL in Copy Frameworks into .app bundle */ = {isa = PBXBuildFile; fileRef = F5DCE2BD0EA5118E0065B0EF /* SDL */; };
/* End PBXBuildFile section */

/* Begin PBXCopyFilesBuildPhase section */
		002F39FD09D0883400EBEB88 /* Copy Frameworks into .app bundle */ = {
			isa = PBXCopyFilesBuildPhase;
			buildActionMask = 2147483647;
			dstPath = SDL_image.framework/Versions/A;
			dstSubfolderSpec = 10;
			files = (
				F5DCE2BC0EA5116B0065B0EF /* SDL_image in Copy Frameworks into .app bundle */,
			);
			name = "Copy Frameworks into .app bundle";
			runOnlyForDeploymentPostprocessing = 0;
		};
		002F39FD09D0883400EBEB89 /* Copy Frameworks into .app bundle */ = {
			isa = PBXCopyFilesBuildPhase;
			buildActionMask = 2147483647;
			dstPath = SDL.framework/Versions/A;
			dstSubfolderSpec = 10;
			files = (
				F5DCE2BE0EA5118E0065B0EF /* SDL in Copy Frameworks into .app bundle */,
			);
			name = "Copy Frameworks into .app bundle";
			runOnlyForDeploymentPostprocessing = 0;
		};
		002F39FD09D0883400EBEB8A /* Copy Frameworks into .app bundle */ = {
			isa = PBXCopyFilesBuildPhase;
			buildActionMask = 2147483647;
			dstPath = SDL_ttf.framework/Versions/A;
			dstSubfolderSpec = 10;
			files = (
				F5DCE2BC0EA5116A0065B0EF /* SDL_ttf in Copy Frameworks into .app bundle */,
			);
			name = "Copy Frameworks into .app bundle";
			runOnlyForDeploymentPostprocessing = 0;
		};
		40D82D4C10ECC5A4005D27B5 /* CopyFiles */ = {
			isa = PBXCopyFilesBuildPhase;
			buildActionMask = 2147483647;
			dstPath = Library/Frameworks/SDL.framework/Resources;
			dstSubfolderSpec = 7;
			files = (
			);
			runOnlyForDeploymentPostprocessing = 0;
		};
		40D82D5310ECC659005D27B5 /* CopyFiles */ = {
			isa = PBXCopyFilesBuildPhase;
			buildActionMask = 2147483647;
			dstPath = "";
			dstSubfolderSpec = 7;
			files = (
			);
			runOnlyForDeploymentPostprocessing = 0;
		};
		F514264B101F6C5B006CF3C4 /* Copy skins */ = {
			isa = PBXCopyFilesBuildPhase;
			buildActionMask = 2147483647;
			dstPath = skins;
			dstSubfolderSpec = 7;
			files = (
				F5142653101F6CC5006CF3C4 /* font_Classic.png in Copy skins */,
				F5142654101F6CC5006CF3C4 /* font_Fairlight.png in Copy skins */,
				F5142655101F6CC5006CF3C4 /* font_Fun.png in Copy skins */,
				F5142656101F6CC5006CF3C4 /* font_Melon.png in Copy skins */,
				F5142657101F6CC5006CF3C4 /* skin_classic.png in Copy skins */,
				F5142658101F6CC5006CF3C4 /* skin_modern.png in Copy skins */,
			);
			name = "Copy skins";
			runOnlyForDeploymentPostprocessing = 0;
		};
		F5A33F1D0EC8A26C00F8052D /* Copy fonts */ = {
			isa = PBXCopyFilesBuildPhase;
			buildActionMask = 2147483647;
			dstPath = fonts;
			dstSubfolderSpec = 7;
			files = (
				F5AE6F990EDA119D000CE0EF /* GrafX2_Classic.gif in Copy fonts */,
				F51CBD300EC8A3E1005C06AC /* Tuffy.ttf in Copy fonts */,
				F51CBD2F0EC8A3E1005C06AC /* colorfont.pcx in Copy fonts */,
				F51CBD2E0EC8A3E1005C06AC /* 5pxtinyfont.png in Copy fonts */,
				F5A33E6A0EC893F800F8052D /* 8pxfont.png in Copy fonts */,
			);
			name = "Copy fonts";
			runOnlyForDeploymentPostprocessing = 0;
		};
/* End PBXCopyFilesBuildPhase section */

/* Begin PBXFileReference section */
		002F39F909D0881F00EBEB88 /* SDL.framework */ = {isa = PBXFileReference; lastKnownFileType = wrapper.framework; name = SDL.framework; path = /Library/Frameworks/SDL.framework; sourceTree = "<absolute>"; };
		002F39F909D0881F10EBEB88 /* SDL_image.framework */ = {isa = PBXFileReference; lastKnownFileType = wrapper.framework; name = SDL_image.framework; path = /Library/Frameworks/SDL_image.framework; sourceTree = "<absolute>"; };
		002F3A2B09D0888800EBEB88 /* SDLMain.h */ = {isa = PBXFileReference; fileEncoding = 30; lastKnownFileType = sourcecode.c.h; path = SDLMain.h; sourceTree = SOURCE_ROOT; };
		002F3A2C09D0888800EBEB88 /* SDLMain.m */ = {isa = PBXFileReference; fileEncoding = 30; lastKnownFileType = sourcecode.c.objc; path = SDLMain.m; sourceTree = SOURCE_ROOT; };
		002F3A3E09D088BA00EBEB88 /* main.c */ = {isa = PBXFileReference; fileEncoding = 30; lastKnownFileType = sourcecode.c.c; path = main.c; sourceTree = SOURCE_ROOT; };
		1058C7A1FEA54F0111CA2CBB /* Cocoa.framework */ = {isa = PBXFileReference; lastKnownFileType = wrapper.framework; name = Cocoa.framework; path = /System/Library/Frameworks/Cocoa.framework; sourceTree = "<absolute>"; };
		29B97324FDCFA39411CA2CEA /* AppKit.framework */ = {isa = PBXFileReference; lastKnownFileType = wrapper.framework; name = AppKit.framework; path = /System/Library/Frameworks/AppKit.framework; sourceTree = "<absolute>"; };
		29B97325FDCFA39411CA2CEA /* Foundation.framework */ = {isa = PBXFileReference; lastKnownFileType = wrapper.framework; name = Foundation.framework; path = /System/Library/Frameworks/Foundation.framework; sourceTree = "<absolute>"; };
		32CA4F630368D1EE00C91783 /* Grafx2_Prefix.pch */ = {isa = PBXFileReference; fileEncoding = 4; lastKnownFileType = sourcecode.c.h; path = Grafx2_Prefix.pch; sourceTree = "<group>"; };
		40D82CA010ECAF13005D27B5 /* miscfileformats.c */ = {isa = PBXFileReference; fileEncoding = 4; lastKnownFileType = sourcecode.c.c; path = miscfileformats.c; sourceTree = "<group>"; };
		40D82CA510ECAF58005D27B5 /* brush_ops.c */ = {isa = PBXFileReference; fileEncoding = 4; lastKnownFileType = sourcecode.c.c; path = brush_ops.c; sourceTree = "<group>"; };
		40D82CA910ECAFC5005D27B5 /* buttons_effects.c */ = {isa = PBXFileReference; fileEncoding = 4; lastKnownFileType = sourcecode.c.c; path = buttons_effects.c; sourceTree = "<group>"; };
		40D82CAD10ECAFDC005D27B5 /* layers.c */ = {isa = PBXFileReference; fileEncoding = 4; lastKnownFileType = sourcecode.c.c; path = layers.c; sourceTree = "<group>"; };
		40D82CB110ECB02B005D27B5 /* fileformats.c */ = {isa = PBXFileReference; fileEncoding = 4; lastKnownFileType = sourcecode.c.c; path = fileformats.c; sourceTree = "<group>"; };
		40D82CBE10ECB089005D27B5 /* libraw2crtc.c */ = {isa = PBXFileReference; fileEncoding = 4; lastKnownFileType = sourcecode.c.c; path = libraw2crtc.c; sourceTree = "<group>"; };
		40D82D4110ECC536005D27B5 /* Info.plist */ = {isa = PBXFileReference; fileEncoding = 4; lastKnownFileType = text.plist.xml; name = Info.plist; path = /Library/Frameworks/SDL.framework/Resources/Info.plist; sourceTree = "<absolute>"; };
		40D82D4210ECC536005D27B5 /* SDLMain.nib */ = {isa = PBXFileReference; lastKnownFileType = wrapper.nib; name = SDLMain.nib; path = /Library/Frameworks/SDL.framework/Resources/SDLMain.nib; sourceTree = "<absolute>"; };
		40D82D4E10ECC609005D27B5 /* Info.plist */ = {isa = PBXFileReference; fileEncoding = 4; lastKnownFileType = text.plist.xml; name = Info.plist; path = /Library/Frameworks/SDL.framework/Versions/A/Resources/Info.plist; sourceTree = "<absolute>"; };
		40D82D4F10ECC609005D27B5 /* SDLMain.nib */ = {isa = PBXFileReference; lastKnownFileType = wrapper.nib; name = SDLMain.nib; path = /Library/Frameworks/SDL.framework/Versions/A/Resources/SDLMain.nib; sourceTree = "<absolute>"; };
		40D82D5510ECC67A005D27B5 /* Info.plist */ = {isa = PBXFileReference; fileEncoding = 4; lastKnownFileType = text.plist.xml; name = Info.plist; path = /Library/Frameworks/SDL.framework/Versions/A/Resources/Info.plist; sourceTree = "<absolute>"; };
		40D82D5610ECC67A005D27B5 /* SDLMain.nib */ = {isa = PBXFileReference; lastKnownFileType = wrapper.nib; name = SDLMain.nib; path = /Library/Frameworks/SDL.framework/Versions/A/Resources/SDLMain.nib; sourceTree = "<absolute>"; };
		8D1107310486CEB800E47090 /* Info.plist */ = {isa = PBXFileReference; fileEncoding = 4; lastKnownFileType = text.plist; path = Info.plist; sourceTree = "<group>"; };
		8D1107320486CEB800E47090 /* Grafx2.app */ = {isa = PBXFileReference; explicitFileType = wrapper.application; includeInIndex = 0; path = Grafx2.app; sourceTree = BUILT_PRODUCTS_DIR; };
		F514264D101F6CB8006CF3C4 /* font_Classic.png */ = {isa = PBXFileReference; lastKnownFileType = image.png; name = font_Classic.png; path = skins/font_Classic.png; sourceTree = "<group>"; };
		F514264E101F6CB8006CF3C4 /* font_Fairlight.png */ = {isa = PBXFileReference; lastKnownFileType = image.png; name = font_Fairlight.png; path = skins/font_Fairlight.png; sourceTree = "<group>"; };
		F514264F101F6CB9006CF3C4 /* font_Fun.png */ = {isa = PBXFileReference; lastKnownFileType = image.png; name = font_Fun.png; path = skins/font_Fun.png; sourceTree = "<group>"; };
		F5142650101F6CB9006CF3C4 /* font_Melon.png */ = {isa = PBXFileReference; lastKnownFileType = image.png; name = font_Melon.png; path = skins/font_Melon.png; sourceTree = "<group>"; };
		F5142651101F6CB9006CF3C4 /* skin_classic.png */ = {isa = PBXFileReference; lastKnownFileType = image.png; name = skin_classic.png; path = skins/skin_classic.png; sourceTree = "<group>"; };
		F5142652101F6CB9006CF3C4 /* skin_modern.png */ = {isa = PBXFileReference; lastKnownFileType = image.png; name = skin_modern.png; path = skins/skin_modern.png; sourceTree = "<group>"; };
		F51CBD2B0EC8A3E1005C06AC /* 5pxtinyfont.png */ = {isa = PBXFileReference; lastKnownFileType = image.png; name = 5pxtinyfont.png; path = fonts/5pxtinyfont.png; sourceTree = "<group>"; };
		F51CBD2C0EC8A3E1005C06AC /* colorfont.pcx */ = {isa = PBXFileReference; lastKnownFileType = file; name = colorfont.pcx; path = fonts/colorfont.pcx; sourceTree = "<group>"; };
		F51CBD2D0EC8A3E1005C06AC /* Tuffy.ttf */ = {isa = PBXFileReference; lastKnownFileType = file; name = Tuffy.ttf; path = fonts/Tuffy.ttf; sourceTree = "<group>"; };
		F539315D0FE171C3003CB103 /* pversion.c */ = {isa = PBXFileReference; fileEncoding = 30; lastKnownFileType = sourcecode.c.c; path = pversion.c; sourceTree = "<group>"; };
		F5A33E690EC893F800F8052D /* 8pxfont.png */ = {isa = PBXFileReference; lastKnownFileType = image.png; name = 8pxfont.png; path = fonts/8pxfont.png; sourceTree = "<group>"; };
		F5AA405A0FBC406D00B7577C /* pxquad.c */ = {isa = PBXFileReference; fileEncoding = 30; lastKnownFileType = sourcecode.c.c; path = pxquad.c; sourceTree = "<group>"; };
		F5AA405B0FBC406D00B7577C /* pxtall2.c */ = {isa = PBXFileReference; fileEncoding = 30; lastKnownFileType = sourcecode.c.c; path = pxtall2.c; sourceTree = "<group>"; };
		F5AA405C0FBC406D00B7577C /* pxtriple.c */ = {isa = PBXFileReference; fileEncoding = 30; lastKnownFileType = sourcecode.c.c; path = pxtriple.c; sourceTree = "<group>"; };
		F5AA405D0FBC406D00B7577C /* pxwide2.c */ = {isa = PBXFileReference; fileEncoding = 30; lastKnownFileType = sourcecode.c.c; path = pxwide2.c; sourceTree = "<group>"; };
		F5AA405E0FBC406D00B7577C /* transform.c */ = {isa = PBXFileReference; fileEncoding = 30; lastKnownFileType = sourcecode.c.c; path = transform.c; sourceTree = "<group>"; };
		F5AC28B90F4873C700455509 /* hotkeys.c */ = {isa = PBXFileReference; fileEncoding = 30; lastKnownFileType = sourcecode.c.c; path = hotkeys.c; sourceTree = "<group>"; };
		F5AC28BA0F4873C700455509 /* input.c */ = {isa = PBXFileReference; fileEncoding = 30; lastKnownFileType = sourcecode.c.c; path = input.c; sourceTree = "<group>"; };
		F5AC28BB0F4873C700455509 /* realpath.c */ = {isa = PBXFileReference; fileEncoding = 30; lastKnownFileType = sourcecode.c.c; path = realpath.c; sourceTree = "<group>"; };
		F5AD4B1E0EA8CCF0009CCAC4 /* version.c */ = {isa = PBXFileReference; fileEncoding = 30; lastKnownFileType = sourcecode.c.c; path = version.c; sourceTree = "<group>"; };
		F5AE6F980EDA119D000CE0EF /* GrafX2_Classic.gif */ = {isa = PBXFileReference; lastKnownFileType = image.gif; name = GrafX2_Classic.gif; path = fonts/GrafX2_Classic.gif; sourceTree = "<group>"; };
		F5AE83FC0ECF8FD300200704 /* ApplicationServices.framework */ = {isa = PBXFileReference; lastKnownFileType = wrapper.framework; name = ApplicationServices.framework; path = /System/Library/Frameworks/ApplicationServices.framework; sourceTree = "<absolute>"; };
		F5AED03C0F1989E00090A93F /* mountlist.c */ = {isa = PBXFileReference; fileEncoding = 30; lastKnownFileType = sourcecode.c.c; path = mountlist.c; sourceTree = "<group>"; };
		F5AFA0070EFAC7D300663B43 /* brush.c */ = {isa = PBXFileReference; fileEncoding = 30; lastKnownFileType = sourcecode.c.c; path = brush.c; sourceTree = "<group>"; };
		F5AFA0080EFAC7D300663B43 /* pxsimple.c */ = {isa = PBXFileReference; fileEncoding = 30; lastKnownFileType = sourcecode.c.c; path = pxsimple.c; sourceTree = "<group>"; };
		F5AFA0090EFAC7D300663B43 /* pxtall.c */ = {isa = PBXFileReference; fileEncoding = 30; lastKnownFileType = sourcecode.c.c; path = pxtall.c; sourceTree = "<group>"; };
		F5AFA00A0EFAC7D300663B43 /* pxwide.c */ = {isa = PBXFileReference; fileEncoding = 30; lastKnownFileType = sourcecode.c.c; path = pxwide.c; sourceTree = "<group>"; };
		F5AFA00B0EFAC7D300663B43 /* setup.c */ = {isa = PBXFileReference; fileEncoding = 30; lastKnownFileType = sourcecode.c.c; path = setup.c; sourceTree = "<group>"; };
		F5AFA00C0EFAC7D300663B43 /* windows.c */ = {isa = PBXFileReference; fileEncoding = 30; lastKnownFileType = sourcecode.c.c; path = windows.c; sourceTree = "<group>"; };
		F5B138C20EB71D28000B83CC /* SDL_ttf */ = {isa = PBXFileReference; lastKnownFileType = "compiled.mach-o.dylib"; name = SDL_ttf; path = /Library/Frameworks/SDL_ttf.framework/SDL_ttf; sourceTree = "<absolute>"; };
		F5B19B6C0EA4BDA8003F4BA4 /* SDL_image.framework */ = {isa = PBXFileReference; lastKnownFileType = wrapper.framework; name = SDL_image.framework; path = /Library/Frameworks/SDL_image.framework; sourceTree = "<absolute>"; };
		F5B19B7B0EA4BE3E003F4BA4 /* graph.c */ = {isa = PBXFileReference; fileEncoding = 30; lastKnownFileType = sourcecode.c.c; path = graph.c; sourceTree = "<group>"; };
		F5B19B7C0EA4BE3E003F4BA4 /* init.c */ = {isa = PBXFileReference; fileEncoding = 30; lastKnownFileType = sourcecode.c.c; path = init.c; sourceTree = "<group>"; };
		F5B19B7D0EA4BE3E003F4BA4 /* io.c */ = {isa = PBXFileReference; fileEncoding = 30; lastKnownFileType = sourcecode.c.c; path = io.c; sourceTree = "<group>"; };
		F5B19B7F0EA4BE3E003F4BA4 /* loadsave.c */ = {isa = PBXFileReference; fileEncoding = 30; lastKnownFileType = sourcecode.c.c; path = loadsave.c; sourceTree = "<group>"; };
		F5B19B820EA4BE3E003F4BA4 /* op_c.c */ = {isa = PBXFileReference; fileEncoding = 30; lastKnownFileType = sourcecode.c.c; path = op_c.c; sourceTree = "<group>"; };
		F5B19B830EA4BE3E003F4BA4 /* operatio.c */ = {isa = PBXFileReference; fileEncoding = 30; lastKnownFileType = sourcecode.c.c; path = operatio.c; sourceTree = "<group>"; };
		F5B19B840EA4BE3E003F4BA4 /* pages.c */ = {isa = PBXFileReference; fileEncoding = 30; lastKnownFileType = sourcecode.c.c; path = pages.c; sourceTree = "<group>"; };
		F5B19B850EA4BE3E003F4BA4 /* palette.c */ = {isa = PBXFileReference; fileEncoding = 30; lastKnownFileType = sourcecode.c.c; path = palette.c; sourceTree = "<group>"; };
		F5B19B860EA4BE3E003F4BA4 /* readini.c */ = {isa = PBXFileReference; fileEncoding = 30; lastKnownFileType = sourcecode.c.c; path = readini.c; sourceTree = "<group>"; };
		F5B19B870EA4BE3E003F4BA4 /* readline.c */ = {isa = PBXFileReference; fileEncoding = 30; lastKnownFileType = sourcecode.c.c; path = readline.c; sourceTree = "<group>"; };
		F5B19B880EA4BE3E003F4BA4 /* saveini.c */ = {isa = PBXFileReference; fileEncoding = 30; lastKnownFileType = sourcecode.c.c; path = saveini.c; sourceTree = "<group>"; };
		F5B19B890EA4BE3E003F4BA4 /* sdlscreen.c */ = {isa = PBXFileReference; fileEncoding = 30; lastKnownFileType = sourcecode.c.c; path = sdlscreen.c; sourceTree = "<group>"; };
		F5B19B8A0EA4BE3E003F4BA4 /* SFont.c */ = {isa = PBXFileReference; fileEncoding = 30; lastKnownFileType = sourcecode.c.c; path = SFont.c; sourceTree = "<group>"; };
		F5B19B8B0EA4BE3E003F4BA4 /* shade.c */ = {isa = PBXFileReference; fileEncoding = 30; lastKnownFileType = sourcecode.c.c; path = shade.c; sourceTree = "<group>"; };
		F5B19B8C0EA4BE3E003F4BA4 /* special.c */ = {isa = PBXFileReference; fileEncoding = 30; lastKnownFileType = sourcecode.c.c; path = special.c; sourceTree = "<group>"; };
		F5B19C1C0EA4D71C003F4BA4 /* CoreFoundation.framework */ = {isa = PBXFileReference; lastKnownFileType = wrapper.framework; name = CoreFoundation.framework; path = System/Library/Frameworks/CoreFoundation.framework; sourceTree = SDKROOT; };
		F5B19C3C0EA4DC91003F4BA4 /* English */ = {isa = PBXFileReference; fileEncoding = 30; lastKnownFileType = text.plist.strings; name = English; path = English.lproj/InfoPlist.strings; sourceTree = "<group>"; };
		F5B1EE840EAD0F4E00B087B5 /* gfx2def.ini */ = {isa = PBXFileReference; fileEncoding = 30; lastKnownFileType = text; path = gfx2def.ini; sourceTree = "<group>"; };
		F5B310AD0F949A9C008197E2 /* buttons.c */ = {isa = PBXFileReference; fileEncoding = 30; lastKnownFileType = sourcecode.c.c; path = buttons.c; sourceTree = "<group>"; };
		F5B310AE0F949A9C008197E2 /* engine.c */ = {isa = PBXFileReference; fileEncoding = 30; lastKnownFileType = sourcecode.c.c; path = engine.c; sourceTree = "<group>"; };
		F5B310AF0F949A9C008197E2 /* filesel.c */ = {isa = PBXFileReference; fileEncoding = 30; lastKnownFileType = sourcecode.c.c; path = filesel.c; sourceTree = "<group>"; };
		F5B310B00F949A9C008197E2 /* help.c */ = {isa = PBXFileReference; fileEncoding = 30; lastKnownFileType = sourcecode.c.c; path = help.c; sourceTree = "<group>"; };
		F5B310B10F949A9C008197E2 /* keyboard.c */ = {isa = PBXFileReference; fileEncoding = 30; lastKnownFileType = sourcecode.c.c; path = keyboard.c; sourceTree = "<group>"; };
		F5B310B20F949A9C008197E2 /* misc.c */ = {isa = PBXFileReference; fileEncoding = 30; lastKnownFileType = sourcecode.c.c; path = misc.c; sourceTree = "<group>"; };
		F5B310B30F949A9C008197E2 /* text.c */ = {isa = PBXFileReference; fileEncoding = 30; lastKnownFileType = sourcecode.c.c; path = text.c; sourceTree = "<group>"; };
		F5CDCE310F6EA6D600B31F63 /* pxdouble.c */ = {isa = PBXFileReference; fileEncoding = 30; lastKnownFileType = sourcecode.c.c; path = pxdouble.c; sourceTree = "<group>"; };
		F5DCE2BB0EA5116B0065B0EF /* SDL_image */ = {isa = PBXFileReference; lastKnownFileType = "compiled.mach-o.dylib"; name = SDL_image; path = /Library/Frameworks/SDL_image.framework/Versions/A/SDL_image; sourceTree = "<absolute>"; };
		F5DCE2BD0EA5118E0065B0EF /* SDL */ = {isa = PBXFileReference; lastKnownFileType = "compiled.mach-o.dylib"; name = SDL; path = /Library/Frameworks/SDL.framework/Versions/A/SDL; sourceTree = "<absolute>"; };
		F5DCE2BE0EA5118F0065B0EF /* SDL_ttf */ = {isa = PBXFileReference; lastKnownFileType = "compiled.mach-o.dylib"; name = SDL_ttf; path = /Library/Frameworks/SDL_ttf.framework/Versions/A/SDL_ttf; sourceTree = "<absolute>"; };
/* End PBXFileReference section */

/* Begin PBXFrameworksBuildPhase section */
		8D11072E0486CEB800E47090 /* Frameworks */ = {
			isa = PBXFrameworksBuildPhase;
			buildActionMask = 2147483647;
			files = (
				002F39FA09D0881F10EBEB88 /* SDL_image.framework in Frameworks */,
				8D11072F0486CEB800E47090 /* Cocoa.framework in Frameworks */,
				F5B19C1D0EA4D71C003F4BA4 /* CoreFoundation.framework in Frameworks */,
				F5B138C30EB71D28000B83CC /* SDL_ttf in Frameworks */,
				F5AE83FD0ECF8FD300200704 /* ApplicationServices.framework in Frameworks */,
				40D82D3A10ECC4CA005D27B5 /* SDL.framework in Frameworks */,
			);
			runOnlyForDeploymentPostprocessing = 0;
		};
/* End PBXFrameworksBuildPhase section */

/* Begin PBXGroup section */
		080E96DDFE201D6D7F000001 /* Classes */ = {
			isa = PBXGroup;
			children = (
				002F3A2B09D0888800EBEB88 /* SDLMain.h */,
				002F3A2C09D0888800EBEB88 /* SDLMain.m */,
			);
			name = Classes;
			sourceTree = "<group>";
		};
		1058C7A0FEA54F0111CA2CBB /* Linked Frameworks */ = {
			isa = PBXGroup;
			children = (
				002F39F909D0881F00EBEB88 /* SDL.framework */,
				002F39F909D0881F10EBEB88 /* SDL_image.framework */,
				1058C7A1FEA54F0111CA2CBB /* Cocoa.framework */,
			);
			name = "Linked Frameworks";
			sourceTree = "<group>";
		};
		1058C7A2FEA54F0111CA2CBB /* Other Frameworks */ = {
			isa = PBXGroup;
			children = (
				29B97324FDCFA39411CA2CEA /* AppKit.framework */,
				29B97325FDCFA39411CA2CEA /* Foundation.framework */,
			);
			name = "Other Frameworks";
			sourceTree = "<group>";
		};
		19C28FACFE9D520D11CA2CBB /* Products */ = {
			isa = PBXGroup;
			children = (
				8D1107320486CEB800E47090 /* Grafx2.app */,
			);
			name = Products;
			sourceTree = "<group>";
		};
		29B97314FDCFA39411CA2CEA /* Grafx2 */ = {
			isa = PBXGroup;
			children = (
				40D82D5410ECC67A005D27B5 /* Resources */,
				40D82D4D10ECC609005D27B5 /* Resources */,
				40D82D4010ECC536005D27B5 /* Resources */,
				40D82CBE10ECB089005D27B5 /* libraw2crtc.c */,
				40D82CB110ECB02B005D27B5 /* fileformats.c */,
				40D82CAD10ECAFDC005D27B5 /* layers.c */,
				40D82CA910ECAFC5005D27B5 /* buttons_effects.c */,
				40D82CA510ECAF58005D27B5 /* brush_ops.c */,
				40D82CA010ECAF13005D27B5 /* miscfileformats.c */,
				F514264D101F6CB8006CF3C4 /* font_Classic.png */,
				F514264E101F6CB8006CF3C4 /* font_Fairlight.png */,
				F514264F101F6CB9006CF3C4 /* font_Fun.png */,
				F5142650101F6CB9006CF3C4 /* font_Melon.png */,
				F5142651101F6CB9006CF3C4 /* skin_classic.png */,
				F5142652101F6CB9006CF3C4 /* skin_modern.png */,
				F539315D0FE171C3003CB103 /* pversion.c */,
				F5CDCE310F6EA6D600B31F63 /* pxdouble.c */,
				F5AC28B90F4873C700455509 /* hotkeys.c */,
				F5AC28BA0F4873C700455509 /* input.c */,
				F5AC28BB0F4873C700455509 /* realpath.c */,
				F5AED03C0F1989E00090A93F /* mountlist.c */,
				F5AFA0070EFAC7D300663B43 /* brush.c */,
				F5AFA0080EFAC7D300663B43 /* pxsimple.c */,
				F5AFA0090EFAC7D300663B43 /* pxtall.c */,
				F5AFA00A0EFAC7D300663B43 /* pxwide.c */,
				F5AFA00B0EFAC7D300663B43 /* setup.c */,
				F5AFA00C0EFAC7D300663B43 /* windows.c */,
				F5AE6F980EDA119D000CE0EF /* GrafX2_Classic.gif */,
				F5AE83FC0ECF8FD300200704 /* ApplicationServices.framework */,
				F51CBD2B0EC8A3E1005C06AC /* 5pxtinyfont.png */,
				F51CBD2C0EC8A3E1005C06AC /* colorfont.pcx */,
				F51CBD2D0EC8A3E1005C06AC /* Tuffy.ttf */,
				F5A33E690EC893F800F8052D /* 8pxfont.png */,
				F5B138C20EB71D28000B83CC /* SDL_ttf */,
				F5B1EE840EAD0F4E00B087B5 /* gfx2def.ini */,
				F5B310AD0F949A9C008197E2 /* buttons.c */,
				F5B310AE0F949A9C008197E2 /* engine.c */,
				F5B310AF0F949A9C008197E2 /* filesel.c */,
				F5B310B00F949A9C008197E2 /* help.c */,
				F5B310B10F949A9C008197E2 /* keyboard.c */,
				F5B310B20F949A9C008197E2 /* misc.c */,
				F5B310B30F949A9C008197E2 /* text.c */,
				F5AD4B1E0EA8CCF0009CCAC4 /* version.c */,
				F5DCE2BD0EA5118E0065B0EF /* SDL */,
				F5DCE2BB0EA5116B0065B0EF /* SDL_image */,
				F5DCE2BE0EA5118F0065B0EF /* SDL_ttf */,
				F5B19C3B0EA4DC91003F4BA4 /* InfoPlist.strings */,
				F5B19C1C0EA4D71C003F4BA4 /* CoreFoundation.framework */,
				F5B19B7B0EA4BE3E003F4BA4 /* graph.c */,
				F5B19B7C0EA4BE3E003F4BA4 /* init.c */,
				F5B19B7D0EA4BE3E003F4BA4 /* io.c */,
				F5B19B7F0EA4BE3E003F4BA4 /* loadsave.c */,
				F5B19B820EA4BE3E003F4BA4 /* op_c.c */,
				F5B19B830EA4BE3E003F4BA4 /* operatio.c */,
				F5B19B840EA4BE3E003F4BA4 /* pages.c */,
				F5B19B850EA4BE3E003F4BA4 /* palette.c */,
				F5B19B860EA4BE3E003F4BA4 /* readini.c */,
				F5B19B870EA4BE3E003F4BA4 /* readline.c */,
				F5B19B880EA4BE3E003F4BA4 /* saveini.c */,
				F5B19B890EA4BE3E003F4BA4 /* sdlscreen.c */,
				F5B19B8A0EA4BE3E003F4BA4 /* SFont.c */,
				F5B19B8B0EA4BE3E003F4BA4 /* shade.c */,
				F5B19B8C0EA4BE3E003F4BA4 /* special.c */,
				F5B19B6C0EA4BDA8003F4BA4 /* SDL_image.framework */,
				080E96DDFE201D6D7F000001 /* Classes */,
				29B97315FDCFA39411CA2CEA /* Other Sources */,
				29B97317FDCFA39411CA2CEA /* Resources */,
				29B97323FDCFA39411CA2CEA /* Frameworks */,
				19C28FACFE9D520D11CA2CBB /* Products */,
			);
			name = Grafx2;
			sourceTree = "<group>";
		};
		29B97315FDCFA39411CA2CEA /* Other Sources */ = {
			isa = PBXGroup;
			children = (
				32CA4F630368D1EE00C91783 /* Grafx2_Prefix.pch */,
				002F3A3E09D088BA00EBEB88 /* main.c */,
				F5AA405A0FBC406D00B7577C /* pxquad.c */,
				F5AA405B0FBC406D00B7577C /* pxtall2.c */,
				F5AA405C0FBC406D00B7577C /* pxtriple.c */,
				F5AA405D0FBC406D00B7577C /* pxwide2.c */,
				F5AA405E0FBC406D00B7577C /* transform.c */,
			);
			name = "Other Sources";
			sourceTree = "<group>";
		};
		29B97317FDCFA39411CA2CEA /* Resources */ = {
			isa = PBXGroup;
			children = (
				8D1107310486CEB800E47090 /* Info.plist */,
			);
			name = Resources;
			sourceTree = "<group>";
		};
		29B97323FDCFA39411CA2CEA /* Frameworks */ = {
			isa = PBXGroup;
			children = (
				1058C7A0FEA54F0111CA2CBB /* Linked Frameworks */,
				1058C7A2FEA54F0111CA2CBB /* Other Frameworks */,
			);
			name = Frameworks;
			sourceTree = "<group>";
		};
		40D82D4010ECC536005D27B5 /* Resources */ = {
			isa = PBXGroup;
			children = (
				40D82D4110ECC536005D27B5 /* Info.plist */,
				40D82D4210ECC536005D27B5 /* SDLMain.nib */,
			);
			name = Resources;
			path = /Library/Frameworks/SDL.framework/Resources;
			sourceTree = "<absolute>";
		};
		40D82D4D10ECC609005D27B5 /* Resources */ = {
			isa = PBXGroup;
			children = (
				40D82D4E10ECC609005D27B5 /* Info.plist */,
				40D82D4F10ECC609005D27B5 /* SDLMain.nib */,
			);
			name = Resources;
			path = /Library/Frameworks/SDL.framework/Versions/A/Resources;
			sourceTree = "<absolute>";
		};
		40D82D5410ECC67A005D27B5 /* Resources */ = {
			isa = PBXGroup;
			children = (
				40D82D5510ECC67A005D27B5 /* Info.plist */,
				40D82D5610ECC67A005D27B5 /* SDLMain.nib */,
			);
			name = Resources;
			path = /Library/Frameworks/SDL.framework/Versions/A/Resources;
			sourceTree = "<absolute>";
		};
/* End PBXGroup section */

/* Begin PBXNativeTarget section */
		8D1107260486CEB800E47090 /* Grafx2 */ = {
			isa = PBXNativeTarget;
			buildConfigurationList = C01FCF4A08A954540054247B /* Build configuration list for PBXNativeTarget "Grafx2" */;
			buildPhases = (
				8D1107290486CEB800E47090 /* Resources */,
				8D11072C0486CEB800E47090 /* Sources */,
				8D11072E0486CEB800E47090 /* Frameworks */,
				002F39FD09D0883400EBEB88 /* Copy Frameworks into .app bundle */,
				002F39FD09D0883400EBEB89 /* Copy Frameworks into .app bundle */,
				002F39FD09D0883400EBEB8A /* Copy Frameworks into .app bundle */,
				F5A33F1D0EC8A26C00F8052D /* Copy fonts */,
				F514264B101F6C5B006CF3C4 /* Copy skins */,
				40D82D4C10ECC5A4005D27B5 /* CopyFiles */,
				40D82D5310ECC659005D27B5 /* CopyFiles */,
			);
			buildRules = (
			);
			dependencies = (
			);
			name = Grafx2;
			productInstallPath = "$(HOME)/Applications";
			productName = Grafx2;
			productReference = 8D1107320486CEB800E47090 /* Grafx2.app */;
			productType = "com.apple.product-type.application";
		};
/* End PBXNativeTarget section */

/* Begin PBXProject section */
		29B97313FDCFA39411CA2CEA /* Project object */ = {
			isa = PBXProject;
			buildConfigurationList = C01FCF4E08A954540054247B /* Build configuration list for PBXProject "Grafx2" */;
			compatibilityVersion = "Xcode 2.4";
			hasScannedForEncodings = 1;
			mainGroup = 29B97314FDCFA39411CA2CEA /* Grafx2 */;
			projectDirPath = "";
			projectRoot = "";
			targets = (
				8D1107260486CEB800E47090 /* Grafx2 */,
			);
		};
/* End PBXProject section */

/* Begin PBXResourcesBuildPhase section */
		8D1107290486CEB800E47090 /* Resources */ = {
			isa = PBXResourcesBuildPhase;
			buildActionMask = 2147483647;
			files = (
				F5B19C3D0EA4DC91003F4BA4 /* InfoPlist.strings in Resources */,
				F5B1EE850EAD0F4E00B087B5 /* gfx2def.ini in Resources */,
				40D82D4310ECC536005D27B5 /* Info.plist in Resources */,
				40D82D4410ECC536005D27B5 /* SDLMain.nib in Resources */,
				40D82D5010ECC609005D27B5 /* Info.plist in Resources */,
				40D82D5110ECC609005D27B5 /* SDLMain.nib in Resources */,
				40D82D5710ECC67A005D27B5 /* Info.plist in Resources */,
				40D82D5810ECC67A005D27B5 /* SDLMain.nib in Resources */,
			);
			runOnlyForDeploymentPostprocessing = 0;
		};
/* End PBXResourcesBuildPhase section */

/* Begin PBXSourcesBuildPhase section */
		8D11072C0486CEB800E47090 /* Sources */ = {
			isa = PBXSourcesBuildPhase;
			buildActionMask = 2147483647;
			files = (
				002F3A2E09D0888800EBEB88 /* SDLMain.m in Sources */,
				002F3A3F09D088BA00EBEB88 /* main.c in Sources */,
				F5B19B930EA4BE3E003F4BA4 /* graph.c in Sources */,
				F5B19B940EA4BE3E003F4BA4 /* init.c in Sources */,
				F5B19B950EA4BE3E003F4BA4 /* io.c in Sources */,
				F5B19B970EA4BE3E003F4BA4 /* loadsave.c in Sources */,
				F5B19B9A0EA4BE3E003F4BA4 /* op_c.c in Sources */,
				F5B19B9B0EA4BE3E003F4BA4 /* operatio.c in Sources */,
				F5B19B9C0EA4BE3E003F4BA4 /* pages.c in Sources */,
				F5B19B9D0EA4BE3E003F4BA4 /* palette.c in Sources */,
				F5B19B9E0EA4BE3E003F4BA4 /* readini.c in Sources */,
				F5B19B9F0EA4BE3E003F4BA4 /* readline.c in Sources */,
				F5B19BA00EA4BE3E003F4BA4 /* saveini.c in Sources */,
				F5B19BA10EA4BE3E003F4BA4 /* sdlscreen.c in Sources */,
				F5B19BA20EA4BE3E003F4BA4 /* SFont.c in Sources */,
				F5B19BA30EA4BE3E003F4BA4 /* shade.c in Sources */,
				F5B19BA40EA4BE3E003F4BA4 /* special.c in Sources */,
				F5AD4B1F0EA8CCF0009CCAC4 /* version.c in Sources */,
				F5AFA00D0EFAC7D300663B43 /* brush.c in Sources */,
				F5AFA00E0EFAC7D300663B43 /* pxsimple.c in Sources */,
				F5AFA00F0EFAC7D300663B43 /* pxtall.c in Sources */,
				F5AFA0100EFAC7D300663B43 /* pxwide.c in Sources */,
				F5AFA0110EFAC7D300663B43 /* setup.c in Sources */,
				F5AFA0120EFAC7D300663B43 /* windows.c in Sources */,
				F5AED03E0F1989E00090A93F /* mountlist.c in Sources */,
				F5AC28BC0F4873C700455509 /* hotkeys.c in Sources */,
				F5AC28BD0F4873C700455509 /* input.c in Sources */,
				F5AC28BE0F4873C700455509 /* realpath.c in Sources */,
				F5CDCE320F6EA6D600B31F63 /* pxdouble.c in Sources */,
				F5B310B40F949A9C008197E2 /* buttons.c in Sources */,
				F5B310B50F949A9C008197E2 /* engine.c in Sources */,
				F5B310B60F949A9C008197E2 /* filesel.c in Sources */,
				F5B310B70F949A9C008197E2 /* help.c in Sources */,
				F5B310B80F949A9C008197E2 /* keyboard.c in Sources */,
				F5B310B90F949A9C008197E2 /* misc.c in Sources */,
				F5B310BA0F949A9C008197E2 /* text.c in Sources */,
				F5AA405F0FBC406D00B7577C /* pxquad.c in Sources */,
				F5AA40600FBC406D00B7577C /* pxtall2.c in Sources */,
				F5AA40610FBC406D00B7577C /* pxtriple.c in Sources */,
				F5AA40620FBC406D00B7577C /* pxwide2.c in Sources */,
				F5AA40630FBC406D00B7577C /* transform.c in Sources */,
				F539315E0FE171C3003CB103 /* pversion.c in Sources */,
				40D82CA110ECAF13005D27B5 /* miscfileformats.c in Sources */,
				40D82CA610ECAF58005D27B5 /* brush_ops.c in Sources */,
				40D82CAA10ECAFC5005D27B5 /* buttons_effects.c in Sources */,
				40D82CAE10ECAFDC005D27B5 /* layers.c in Sources */,
				40D82CB210ECB02B005D27B5 /* fileformats.c in Sources */,
				40D82CBF10ECB089005D27B5 /* libraw2crtc.c in Sources */,
			);
			runOnlyForDeploymentPostprocessing = 0;
		};
/* End PBXSourcesBuildPhase section */

/* Begin PBXVariantGroup section */
		F5B19C3B0EA4DC91003F4BA4 /* InfoPlist.strings */ = {
			isa = PBXVariantGroup;
			children = (
				F5B19C3C0EA4DC91003F4BA4 /* English */,
			);
			name = InfoPlist.strings;
			sourceTree = "<group>";
		};
/* End PBXVariantGroup section */

/* Begin XCBuildConfiguration section */
		C01FCF4B08A954540054247B /* Debug */ = {
			isa = XCBuildConfiguration;
			buildSettings = {
				COPY_PHASE_STRIP = NO;
				FRAMEWORK_SEARCH_PATHS = (
					"$(inherited)",
					"$(FRAMEWORK_SEARCH_PATHS_QUOTED_FOR_TARGET_1)",
					"$(FRAMEWORK_SEARCH_PATHS_QUOTED_FOR_TARGET_2)",
				);
				FRAMEWORK_SEARCH_PATHS_QUOTED_FOR_TARGET_1 = "\"$(DEVELOPER_DIR)/SDKs/MacOSX10.4u.sdk/System/Library/Frameworks\"";
				FRAMEWORK_SEARCH_PATHS_QUOTED_FOR_TARGET_2 = "\"$(SYSTEM_LIBRARY_DIR)/Frameworks/ApplicationServices.framework/Versions/A/Frameworks\"";
				GCC_DYNAMIC_NO_PIC = NO;
				GCC_ENABLE_FIX_AND_CONTINUE = YES;
				GCC_MODEL_TUNING = G5;
				GCC_OPTIMIZATION_LEVEL = 0;
				GCC_PREPROCESSOR_DEFINITIONS = (
					__macosx__,
					__linux__,
				);
				INFOPLIST_FILE = Info.plist;
				INSTALL_PATH = "$(HOME)/Applications";
				LIBRARY_SEARCH_PATHS = (
					"$(inherited)",
					"$(LIBRARY_SEARCH_PATHS_QUOTED_FOR_TARGET_1)",
					"$(LIBRARY_SEARCH_PATHS_QUOTED_FOR_TARGET_2)",
					"$(LIBRARY_SEARCH_PATHS_QUOTED_FOR_TARGET_3)",
					"$(LIBRARY_SEARCH_PATHS_QUOTED_FOR_TARGET_4)",
				);
				LIBRARY_SEARCH_PATHS_QUOTED_FOR_TARGET_1 = "\"$(LOCAL_LIBRARY_DIR)/Frameworks/SDL_image.framework\"";
				LIBRARY_SEARCH_PATHS_QUOTED_FOR_TARGET_2 = "\"$(LOCAL_LIBRARY_DIR)/Frameworks/SDL.framework\"";
				LIBRARY_SEARCH_PATHS_QUOTED_FOR_TARGET_3 = "\"$(LOCAL_LIBRARY_DIR)/Frameworks/SDL_ttf.framework\"";
				LIBRARY_SEARCH_PATHS_QUOTED_FOR_TARGET_4 = "\"$(SYSTEM_LIBRARY_DIR)/Frameworks/ApplicationServices.framework\"";
				PRODUCT_NAME = Grafx2;
				REZ_SEARCH_PATHS = "";
				WRAPPER_EXTENSION = app;
				ZERO_LINK = YES;
			};
			name = Debug;
		};
		C01FCF4C08A954540054247B /* Release */ = {
			isa = XCBuildConfiguration;
			buildSettings = {
				ARCHS = (
					ppc,
					i386,
				);
				FRAMEWORK_SEARCH_PATHS = (
					"$(inherited)",
					"$(FRAMEWORK_SEARCH_PATHS_QUOTED_FOR_TARGET_1)",
					"$(FRAMEWORK_SEARCH_PATHS_QUOTED_FOR_TARGET_2)",
				);
				FRAMEWORK_SEARCH_PATHS_QUOTED_FOR_TARGET_1 = "\"$(DEVELOPER_DIR)/SDKs/MacOSX10.4u.sdk/System/Library/Frameworks\"";
				FRAMEWORK_SEARCH_PATHS_QUOTED_FOR_TARGET_2 = "\"$(SYSTEM_LIBRARY_DIR)/Frameworks/ApplicationServices.framework/Versions/A/Frameworks\"";
				GCC_GENERATE_DEBUGGING_SYMBOLS = NO;
				GCC_MODEL_TUNING = G5;
				GCC_PREPROCESSOR_DEFINITIONS = (
					__macosx__,
					__linux__,
				);
				INFOPLIST_FILE = Info.plist;
				INSTALL_PATH = "$(HOME)/Applications";
				LIBRARY_SEARCH_PATHS = (
					"$(inherited)",
					"$(LIBRARY_SEARCH_PATHS_QUOTED_FOR_TARGET_1)",
					"$(LIBRARY_SEARCH_PATHS_QUOTED_FOR_TARGET_2)",
					"$(LIBRARY_SEARCH_PATHS_QUOTED_FOR_TARGET_3)",
					"$(LIBRARY_SEARCH_PATHS_QUOTED_FOR_TARGET_4)",
				);
				LIBRARY_SEARCH_PATHS_QUOTED_FOR_TARGET_1 = "\"$(LOCAL_LIBRARY_DIR)/Frameworks/SDL_image.framework\"";
				LIBRARY_SEARCH_PATHS_QUOTED_FOR_TARGET_2 = "\"$(LOCAL_LIBRARY_DIR)/Frameworks/SDL.framework\"";
				LIBRARY_SEARCH_PATHS_QUOTED_FOR_TARGET_3 = "\"$(LOCAL_LIBRARY_DIR)/Frameworks/SDL_ttf.framework\"";
				LIBRARY_SEARCH_PATHS_QUOTED_FOR_TARGET_4 = "\"$(SYSTEM_LIBRARY_DIR)/Frameworks/ApplicationServices.framework\"";
				PRODUCT_NAME = Grafx2;
				WRAPPER_EXTENSION = app;
			};
			name = Release;
		};
		C01FCF4F08A954540054247B /* Debug */ = {
			isa = XCBuildConfiguration;
			buildSettings = {
				FRAMEWORK_SEARCH_PATHS = (
					/Library/Frameworks,
					"$(FRAMEWORK_SEARCH_PATHS)",
				);
				GCC_OPTIMIZATION_LEVEL = 3;
				GCC_PREPROCESSOR_DEFINITIONS = (
					__macosx__,
					__linux__,
				);
				GCC_WARN_ABOUT_RETURN_TYPE = YES;
				GCC_WARN_UNUSED_VARIABLE = YES;
				HEADER_SEARCH_PATHS = (
					/usr/X11/include,
					/Library/Frameworks/SDL_image.framework/Headers,
					"$(HOME)/Library/Frameworks/SDL.framework/Headers",
					/Library/Frameworks/SDL.framework/Headers,
					/Library/SDL_ttf.framework/Headers,
					/usr/local/include,
					"$(HEADER_SEARCH_PATHS)",
				);
				LIBRARY_SEARCH_PATHS = (
					/usr/X11/lib,
					/usr/local/lib,
				);
				OTHER_LDFLAGS = (
					"-lpng",
					"-lz",
				);
				PREBINDING = NO;
				PRELINK_LIBS = SDL_Image;
				SDKROOT = /Developer/SDKs/MacOSX10.5.sdk;
				STANDARD_C_PLUS_PLUS_LIBRARY_TYPE = static;
				ZERO_LINK = YES;
			};
			name = Debug;
		};
		C01FCF5008A954540054247B /* Release */ = {
			isa = XCBuildConfiguration;
			buildSettings = {
				DEAD_CODE_STRIPPING = YES;
				FRAMEWORK_SEARCH_PATHS = (
					/Library/Frameworks,
					"$(FRAMEWORK_SEARCH_PATHS)",
				);
				GCC_PREPROCESSOR_DEFINITIONS = (
					__macosx__,
					__linux__,
				);
				GCC_WARN_ABOUT_RETURN_TYPE = YES;
				GCC_WARN_UNUSED_VARIABLE = YES;
				HEADER_SEARCH_PATHS = (
					"$(HOME)/Library/Frameworks/SDL.framework/Headers",
					/Library/Frameworks/SDL.framework/Headers,
					/usr/local/include,
					"$(HEADER_SEARCH_PATHS)",
				);
				LIBRARY_SEARCH_PATHS = /usr/local/lib;
				OTHER_LDFLAGS = (
					"-lpng",
					"-lz",
				);
				PREBINDING = NO;
				PRELINK_LIBS = SDL_Image;
				SDKROOT = /Developer/SDKs/MacOSX10.5.sdk;
				STANDARD_C_PLUS_PLUS_LIBRARY_TYPE = static;
			};
			name = Release;
		};
/* End XCBuildConfiguration section */

/* Begin XCConfigurationList section */
		C01FCF4A08A954540054247B /* Build configuration list for PBXNativeTarget "Grafx2" */ = {
			isa = XCConfigurationList;
			buildConfigurations = (
				C01FCF4B08A954540054247B /* Debug */,
				C01FCF4C08A954540054247B /* Release */,
			);
			defaultConfigurationIsVisible = 0;
			defaultConfigurationName = Release;
		};
		C01FCF4E08A954540054247B /* Build configuration list for PBXProject "Grafx2" */ = {
			isa = XCConfigurationList;
			buildConfigurations = (
				C01FCF4F08A954540054247B /* Debug */,
				C01FCF5008A954540054247B /* Release */,
			);
			defaultConfigurationIsVisible = 0;
			defaultConfigurationName = Release;
		};
/* End XCConfigurationList section */
	};
	rootObject = 29B97313FDCFA39411CA2CEA /* Project object */;
}
